
Microsoft Visual Studio Solution File, Format Version 12.00
# Visual Studio 2012
Project("{FAE04EC0-301F-11D3-BF4B-00C04F79EFBC}") = "projecten", "projecten\projecten.csproj", "{66AD0DE3-1B10-4E0C-A82C-C3A9783E6819}"
EndProject
Project("{FAE04EC0-301F-11D3-BF4B-00C04F79EFBC}") = "projecten.Tests", "projecten.Tests\projecten.Tests.csproj", "{B39965F8-CC0D-4D00-9809-725019694EA5}"
EndProject
Global
	GlobalSection(SolutionConfigurationPlatforms) = preSolution
		Debug|Any CPU = Debug|Any CPU
		Release|Any CPU = Release|Any CPU
	EndGlobalSection
	GlobalSection(ProjectConfigurationPlatforms) = postSolution
		{66AD0DE3-1B10-4E0C-A82C-C3A9783E6819}.Debug|Any CPU.ActiveCfg = Debug|Any CPU
		{66AD0DE3-1B10-4E0C-A82C-C3A9783E6819}.Debug|Any CPU.Build.0 = Debug|Any CPU
		{66AD0DE3-1B10-4E0C-A82C-C3A9783E6819}.Release|Any CPU.ActiveCfg = Release|Any CPU
		{66AD0DE3-1B10-4E0C-A82C-C3A9783E6819}.Release|Any CPU.Build.0 = Release|Any CPU
		{B39965F8-CC0D-4D00-9809-725019694EA5}.Debug|Any CPU.ActiveCfg = Debug|Any CPU
		{B39965F8-CC0D-4D00-9809-725019694EA5}.Debug|Any CPU.Build.0 = Debug|Any CPU
		{B39965F8-CC0D-4D00-9809-725019694EA5}.Release|Any CPU.ActiveCfg = Release|Any CPU
		{B39965F8-CC0D-4D00-9809-725019694EA5}.Release|Any CPU.Build.0 = Release|Any CPU
	EndGlobalSection
	GlobalSection(SolutionProperties) = preSolution
		HideSolutionNode = FALSE
	EndGlobalSection
EndGlobal
